# This file is automatically @generated by Cargo.
# It is not intended for manual editing.
version = 3

[[package]]
name = "minrv"
version = "0.1.0"
dependencies = [
 "riscv-decode",
]

[[package]]
name = "riscv-decode"
version = "0.2.2"
source = "registry+https://github.com/rust-lang/crates.io-index"
checksum = "cf8b4cfb0da0528321d22daee4299a23a8c5ac8848623d716e898d2a9eec0694"
